PODS:
  - Alamofire (5.4.2)
  - Cosmos (23.0.0)
  - Moya (14.0.0):
    - Moya/Core (= 14.0.0)
  - Moya/Core (14.0.0):
    - Alamofire (~> 5.0)
  - SkeletonView (1.15.0)

DEPENDENCIES:
  - Cosmos (~> 23.0)
  - Moya
  - SkeletonView

SPEC REPOS:
  trunk:
    - Alamofire
    - Cosmos
    - Moya
    - SkeletonView

SPEC CHECKSUMS:
  Alamofire: bfbc4c2fe5909b1d94fb4ef2277c6b3727ef5dae
  Cosmos: b5c6a9a637e28a061b54c8f8b1d8529d7d4db73f
  Moya: 5b45dacb75adb009f97fde91c204c1e565d31916
  SkeletonView: cac18a3ac4f893b09d99e65072d806ef08377aae

PODFILE CHECKSUM: 97145bba846c6427192aab753d6cb8fc4fbe7233

COCOAPODS: 1.10.1
